
Microsoft Visual Studio Solution File, Format Version 12.00
# Visual Studio 15
VisualStudioVersion = 15.0.28010.2036
MinimumVisualStudioVersion = 10.0.40219.1
Project("{9A19103F-16F7-4668-BE54-9A1E7A4F7556}") = "BlackSeaConstruction.Web", "BlackSeaConstruction.Web\BlackSeaConstruction.Web.csproj", "{28D62E93-AFE3-49B2-A125-C0659729742E}"
EndProject
Project("{FAE04EC0-301F-11D3-BF4B-00C04F79EFBC}") = "BlackSeaConstruction.DataAccessLayer", "BlackSeaConstruction.DataAccessLayer\BlackSeaConstruction.DataAccessLayer.csproj", "{F5E774BE-B112-4108-88C7-F945AF7FF88A}"
EndProject
Project("{FAE04EC0-301F-11D3-BF4B-00C04F79EFBC}") = "BlackSeaConstruction.BusinessLogicLayer", "BlackSeaConstruction.BusinessLogicLayer\BlackSeaConstruction.BusinessLogicLayer.csproj", "{82815505-1437-4FC2-8DDE-480432063475}"
EndProject
Global
	GlobalSection(SolutionConfigurationPlatforms) = preSolution
		Debug|Any CPU = Debug|Any CPU
		Release|Any CPU = Release|Any CPU
	EndGlobalSection
	GlobalSection(ProjectConfigurationPlatforms) = postSolution
		{28D62E93-AFE3-49B2-A125-C0659729742E}.Debug|Any CPU.ActiveCfg = Debug|Any CPU
		{28D62E93-AFE3-49B2-A125-C0659729742E}.Debug|Any CPU.Build.0 = Debug|Any CPU
		{28D62E93-AFE3-49B2-A125-C0659729742E}.Release|Any CPU.ActiveCfg = Release|Any CPU
		{28D62E93-AFE3-49B2-A125-C0659729742E}.Release|Any CPU.Build.0 = Release|Any CPU
		{F5E774BE-B112-4108-88C7-F945AF7FF88A}.Debug|Any CPU.ActiveCfg = Debug|Any CPU
		{F5E774BE-B112-4108-88C7-F945AF7FF88A}.Debug|Any CPU.Build.0 = Debug|Any CPU
		{F5E774BE-B112-4108-88C7-F945AF7FF88A}.Release|Any CPU.ActiveCfg = Release|Any CPU
		{F5E774BE-B112-4108-88C7-F945AF7FF88A}.Release|Any CPU.Build.0 = Release|Any CPU
		{82815505-1437-4FC2-8DDE-480432063475}.Debug|Any CPU.ActiveCfg = Debug|Any CPU
		{82815505-1437-4FC2-8DDE-480432063475}.Debug|Any CPU.Build.0 = Debug|Any CPU
		{82815505-1437-4FC2-8DDE-480432063475}.Release|Any CPU.ActiveCfg = Release|Any CPU
		{82815505-1437-4FC2-8DDE-480432063475}.Release|Any CPU.Build.0 = Release|Any CPU
	EndGlobalSection
	GlobalSection(SolutionProperties) = preSolution
		HideSolutionNode = FALSE
	EndGlobalSection
	GlobalSection(ExtensibilityGlobals) = postSolution
		SolutionGuid = {4E0DF4A2-3EAA-4E99-AACC-ADA26D693E7D}
	EndGlobalSection
EndGlobal
